
Microsoft Visual Studio Solution File, Format Version 12.00
# Visual Studio Version 16
VisualStudioVersion = 16.0.32510.428
MinimumVisualStudioVersion = 10.0.40219.1
Project("{8BC9CEB8-8B4A-11D0-8D11-00A0C91BC942}") = "juansfu", "juansfu.vcxproj", "{D6B97EDE-2C25-4F67-A909-21C9CB375182}"
EndProject
Global
	GlobalSection(SolutionConfigurationPlatforms) = preSolution
		Debug|x64 = Debug|x64
		Debug|x86 = Debug|x86
		Release|x64 = Release|x64
		Release|x86 = Release|x86
	EndGlobalSection
	GlobalSection(ProjectConfigurationPlatforms) = postSolution
		{D6B97EDE-2C25-4F67-A909-21C9CB375182}.Debug|x64.ActiveCfg = Debug|x64
		{D6B97EDE-2C25-4F67-A909-21C9CB375182}.Debug|x64.Build.0 = Debug|x64
		{D6B97EDE-2C25-4F67-A909-21C9CB375182}.Debug|x86.ActiveCfg = Debug|Win32
		{D6B97EDE-2C25-4F67-A909-21C9CB375182}.Debug|x86.Build.0 = Debug|Win32
		{D6B97EDE-2C25-4F67-A909-21C9CB375182}.Release|x64.ActiveCfg = Release|x64
		{D6B97EDE-2C25-4F67-A909-21C9CB375182}.Release|x64.Build.0 = Release|x64
		{D6B97EDE-2C25-4F67-A909-21C9CB375182}.Release|x86.ActiveCfg = Release|Win32
		{D6B97EDE-2C25-4F67-A909-21C9CB375182}.Release|x86.Build.0 = Release|Win32
	EndGlobalSection
	GlobalSection(SolutionProperties) = preSolution
		HideSolutionNode = FALSE
	EndGlobalSection
	GlobalSection(ExtensibilityGlobals) = postSolution
		SolutionGuid = {E5EA9F8A-0E01-456B-88AF-67EF7597FB58}
	EndGlobalSection
EndGlobal
