<?xml version="1.0" encoding="utf-8"?>
<Project ToolsVersion="4.0" xmlns="http://schemas.microsoft.com/developer/msbuild/2003">
  <ItemGroup>
    <Filter Include="头文件">
      <UniqueIdentifier>{93995380-89BD-4b04-88EB-625FBE52EBFB}</UniqueIdentifier>
      <Extensions>h;hh;hpp;hxx;h++;hm;inl;inc;ipp;xsd</Extensions>
    </Filter>
    <Filter Include="src">
      <UniqueIdentifier>{4FC737F1-C7A5-4376-A066-2A32D752A2FF}</UniqueIdentifier>
      <Extensions>cpp;c;cc;cxx;c++;cppm;ixx;def;odl;idl;hpj;bat;asm;asmx</Extensions>
    </Filter>
    <Filter Include="signaling">
      <UniqueIdentifier>{76bcdd6e-5a73-4d84-b15a-767d94cc3dca}</UniqueIdentifier>
    </Filter>
    <Filter Include="utils">
      <UniqueIdentifier>{cbe75d82-56b5-4370-8e2e-122a224b6e4a}</UniqueIdentifier>
    </Filter>
    <Filter Include="sdp">
      <UniqueIdentifier>{2a41e516-8570-4b7a-9c55-b97e0581eff6}</UniqueIdentifier>
    </Filter>
    <Filter Include="rtc_base">
      <UniqueIdentifier>{cd32675d-3108-4146-ba09-00dcb0abfd24}</UniqueIdentifier>
    </Filter>
    <Filter Include="rtc_base\system">
      <UniqueIdentifier>{df745bd1-ccdf-4ac2-bb11-191699c9d01a}</UniqueIdentifier>
    </Filter>
    <Filter Include="api">
      <UniqueIdentifier>{6e3fcd5d-9f7c-497e-88b2-1091c1dd4389}</UniqueIdentifier>
    </Filter>
    <Filter Include="rtc_base\numerics">
      <UniqueIdentifier>{313c230d-3be5-4479-ab36-ff30722ac405}</UniqueIdentifier>
    </Filter>
    <Filter Include="rtc_base\strings">
      <UniqueIdentifier>{faab61ae-d66e-4cda-970f-cbd26fd66815}</UniqueIdentifier>
    </Filter>
    <Filter Include="rtc_base\base64">
      <UniqueIdentifier>{aacb8f7f-a72e-42e9-91ec-a6d95ff6f88f}</UniqueIdentifier>
    </Filter>
    <Filter Include="rtc_base\win">
      <UniqueIdentifier>{3190b4ad-d411-4966-93e6-3f2ed6e936b0}</UniqueIdentifier>
    </Filter>
    <Filter Include="udp">
      <UniqueIdentifier>{85caba83-8751-4840-a0f5-1a2dfedd88a4}</UniqueIdentifier>
    </Filter>
  </ItemGroup>
  <ItemGroup>
    <ClCompile Include="main.cpp">
      <Filter>src</Filter>
    </ClCompile>
    <ClCompile Include="signaling\wss_server.cpp">
      <Filter>signaling</Filter>
    </ClCompile>
    <ClCompile Include="utils\sutil.cpp">
      <Filter>utils</Filter>
    </ClCompile>
    <ClCompile Include="signaling\signaling_handle.cpp">
      <Filter>signaling</Filter>
    </ClCompile>
    <ClCompile Include="juan_sfu.cpp">
      <Filter>src</Filter>
    </ClCompile>
    <ClCompile Include="sdp\session_description.cpp">
      <Filter>sdp</Filter>
    </ClCompile>
    <ClCompile Include="rtc_base\helpers.cc">
      <Filter>rtc_base</Filter>
    </ClCompile>
    <ClCompile Include="rtc_base\rtc_certificate.cc">
      <Filter>rtc_base</Filter>
    </ClCompile>
    <ClCompile Include="rtc_base\rtc_certificate_generator.cc">
      <Filter>rtc_base</Filter>
    </ClCompile>
    <ClCompile Include="rtc_base\checks.cc">
      <Filter>rtc_base</Filter>
    </ClCompile>
    <ClCompile Include="rtc_base\ssl_identity.cc">
      <Filter>rtc_base</Filter>
    </ClCompile>
    <ClCompile Include="rtc_base\time_utils.cc">
      <Filter>rtc_base</Filter>
    </ClCompile>
    <ClCompile Include="rtc_base\system_time.cc">
      <Filter>rtc_base</Filter>
    </ClCompile>
    <ClCompile Include="rtc_base\ssl_certificate.cc">
      <Filter>rtc_base</Filter>
    </ClCompile>
    <ClCompile Include="rtc_base\zero_memory.cc">
      <Filter>rtc_base</Filter>
    </ClCompile>
    <ClCompile Include="rtc_base\openssl_identity.cc">
      <Filter>rtc_base</Filter>
    </ClCompile>
    <ClCompile Include="rtc_base\ssl_fingerprint.cc">
      <Filter>rtc_base</Filter>
    </ClCompile>
    <ClCompile Include="rtc_base\openssl_certificate.cc">
      <Filter>rtc_base</Filter>
    </ClCompile>
    <ClCompile Include="rtc_base\openssl_key_pair.cc">
      <Filter>rtc_base</Filter>
    </ClCompile>
    <ClCompile Include="rtc_base\win32.cc">
      <Filter>rtc_base</Filter>
    </ClCompile>
    <ClCompile Include="rtc_base\string_utils.cc">
      <Filter>rtc_base</Filter>
    </ClCompile>
    <ClCompile Include="rtc_base\message_digest.cc">
      <Filter>rtc_base</Filter>
    </ClCompile>
    <ClCompile Include="rtc_base\openssl_digest.cc">
      <Filter>rtc_base</Filter>
    </ClCompile>
    <ClCompile Include="rtc_base\openssl_utility.cc">
      <Filter>rtc_base</Filter>
    </ClCompile>
    <ClCompile Include="rtc_base\string_encode.cc">
      <Filter>rtc_base</Filter>
    </ClCompile>
    <ClCompile Include="rtc_base\string_to_number.cc">
      <Filter>rtc_base</Filter>
    </ClCompile>
    <ClCompile Include="rtc_base\strings\string_builder.cc">
      <Filter>rtc_base\strings</Filter>
    </ClCompile>
    <ClCompile Include="rtc_base\copy_on_write_buffer.cc">
      <Filter>rtc_base</Filter>
    </ClCompile>
    <ClCompile Include="rtc_base\base64\base64.cc">
      <Filter>rtc_base\base64</Filter>
    </ClCompile>
    <ClCompile Include="utils\global.cpp">
      <Filter>utils</Filter>
    </ClCompile>
    <ClCompile Include="sdp\ice_candidate.cpp">
      <Filter>sdp</Filter>
    </ClCompile>
    <ClCompile Include="rtc_base\socket_address.cc">
      <Filter>rtc_base</Filter>
    </ClCompile>
    <ClCompile Include="rtc_base\ip_address.cc">
      <Filter>rtc_base</Filter>
    </ClCompile>
    <ClCompile Include="rtc_base\net_helpers.cc">
      <Filter>rtc_base</Filter>
    </ClCompile>
    <ClCompile Include="rtc_base\win\windows_version.cc">
      <Filter>rtc_base\win</Filter>
    </ClCompile>
    <ClCompile Include="rtc_base\crc32.cc">
      <Filter>rtc_base</Filter>
    </ClCompile>
    <ClCompile Include="udp\udp_receiver.cpp">
      <Filter>udp</Filter>
    </ClCompile>
    <ClCompile Include="udp\stun.cpp">
      <Filter>udp</Filter>
    </ClCompile>
    <ClCompile Include="signaling\room_member.cpp">
      <Filter>signaling</Filter>
    </ClCompile>
    <ClCompile Include="udp\ice_connection.cpp">
      <Filter>udp</Filter>
    </ClCompile>
    <ClCompile Include="rtc_base\byte_buffer.cc">
      <Filter>rtc_base</Filter>
    </ClCompile>
    <ClCompile Include="signaling\port_mgr.cpp">
      <Filter>signaling</Filter>
    </ClCompile>
    <ClCompile Include="udp\rtc_dtls.cpp">
      <Filter>udp</Filter>
    </ClCompile>
  </ItemGroup>
  <ItemGroup>
    <ClInclude Include="signaling\wss_server.h">
      <Filter>signaling</Filter>
    </ClInclude>
    <ClInclude Include="utils\sutil.h">
      <Filter>utils</Filter>
    </ClInclude>
    <ClInclude Include="utils\threadqueue.hpp">
      <Filter>utils</Filter>
    </ClInclude>
    <ClInclude Include="signaling\signaling_handle.h">
      <Filter>signaling</Filter>
    </ClInclude>
    <ClInclude Include="juan_sfu.h">
      <Filter>src</Filter>
    </ClInclude>
    <ClInclude Include="sdp\session_description.h">
      <Filter>sdp</Filter>
    </ClInclude>
    <ClInclude Include="rtc_base\helpers.h">
      <Filter>rtc_base</Filter>
    </ClInclude>
    <ClInclude Include="rtc_base\system\rtc_export.h">
      <Filter>rtc_base\system</Filter>
    </ClInclude>
    <ClInclude Include="rtc_base\ref_count.h">
      <Filter>rtc_base</Filter>
    </ClInclude>
    <ClInclude Include="rtc_base\ref_counted_object.h">
      <Filter>rtc_base</Filter>
    </ClInclude>
    <ClInclude Include="rtc_base\ref_counter.h">
      <Filter>rtc_base</Filter>
    </ClInclude>
    <ClInclude Include="rtc_base\rtc_certificate.h">
      <Filter>rtc_base</Filter>
    </ClInclude>
    <ClInclude Include="rtc_base\rtc_certificate_generator.h">
      <Filter>rtc_base</Filter>
    </ClInclude>
    <ClInclude Include="api\scoped_refptr.h">
      <Filter>api</Filter>
    </ClInclude>
    <ClInclude Include="rtc_base\checks.h">
      <Filter>rtc_base</Filter>
    </ClInclude>
    <ClInclude Include="rtc_base\ssl_identity.h">
      <Filter>rtc_base</Filter>
    </ClInclude>
    <ClInclude Include="rtc_base\time_utils.h">
      <Filter>rtc_base</Filter>
    </ClInclude>
    <ClInclude Include="rtc_base\system_time.h">
      <Filter>rtc_base</Filter>
    </ClInclude>
    <ClInclude Include="rtc_base\numerics\safe_compare.h">
      <Filter>rtc_base\numerics</Filter>
    </ClInclude>
    <ClInclude Include="rtc_base\numerics\safe_conversions.h">
      <Filter>rtc_base\numerics</Filter>
    </ClInclude>
    <ClInclude Include="rtc_base\numerics\safe_conversions_impl.h">
      <Filter>rtc_base\numerics</Filter>
    </ClInclude>
    <ClInclude Include="rtc_base\numerics\safe_minmax.h">
      <Filter>rtc_base\numerics</Filter>
    </ClInclude>
    <ClInclude Include="rtc_base\system\inline.h">
      <Filter>rtc_base\system</Filter>
    </ClInclude>
    <ClInclude Include="rtc_base\ssl_certificate.h">
      <Filter>rtc_base</Filter>
    </ClInclude>
    <ClInclude Include="rtc_base\buffer.h">
      <Filter>rtc_base</Filter>
    </ClInclude>
    <ClInclude Include="rtc_base\type_traits.h">
      <Filter>rtc_base</Filter>
    </ClInclude>
    <ClInclude Include="rtc_base\zero_memory.h">
      <Filter>rtc_base</Filter>
    </ClInclude>
    <ClInclude Include="rtc_base\openssl.h">
      <Filter>rtc_base</Filter>
    </ClInclude>
    <ClInclude Include="rtc_base\openssl_identity.h">
      <Filter>rtc_base</Filter>
    </ClInclude>
    <ClInclude Include="rtc_base\ssl_fingerprint.h">
      <Filter>rtc_base</Filter>
    </ClInclude>
    <ClInclude Include="rtc_base\openssl_certificate.h">
      <Filter>rtc_base</Filter>
    </ClInclude>
    <ClInclude Include="rtc_base\openssl_key_pair.h">
      <Filter>rtc_base</Filter>
    </ClInclude>
    <ClInclude Include="rtc_base\win32.h">
      <Filter>rtc_base</Filter>
    </ClInclude>
    <ClInclude Include="rtc_base\string_utils.h">
      <Filter>rtc_base</Filter>
    </ClInclude>
    <ClInclude Include="rtc_base\message_digest.h">
      <Filter>rtc_base</Filter>
    </ClInclude>
    <ClInclude Include="rtc_base\openssl_digest.h">
      <Filter>rtc_base</Filter>
    </ClInclude>
    <ClInclude Include="rtc_base\openssl_utility.h">
      <Filter>rtc_base</Filter>
    </ClInclude>
    <ClInclude Include="rtc_base\logging.h">
      <Filter>rtc_base</Filter>
    </ClInclude>
    <ClInclude Include="rtc_base\string_encode.h">
      <Filter>rtc_base</Filter>
    </ClInclude>
    <ClInclude Include="rtc_base\string_to_number.h">
      <Filter>rtc_base</Filter>
    </ClInclude>
    <ClInclude Include="rtc_base\arraysize.h">
      <Filter>rtc_base</Filter>
    </ClInclude>
    <ClInclude Include="rtc_base\strings\string_builder.h">
      <Filter>rtc_base\strings</Filter>
    </ClInclude>
    <ClInclude Include="rtc_base\copy_on_write_buffer.h">
      <Filter>rtc_base</Filter>
    </ClInclude>
    <ClInclude Include="rtc_base\byte_order.h">
      <Filter>rtc_base</Filter>
    </ClInclude>
    <ClInclude Include="rtc_base\system\arch.h">
      <Filter>rtc_base\system</Filter>
    </ClInclude>
    <ClInclude Include="rtc_base\base64\base64.h">
      <Filter>rtc_base\base64</Filter>
    </ClInclude>
    <ClInclude Include="rtc_base\ssl_roots.h">
      <Filter>rtc_base</Filter>
    </ClInclude>
    <ClInclude Include="api\array_view.h">
      <Filter>api</Filter>
    </ClInclude>
    <ClInclude Include="utils\singleton.h">
      <Filter>utils</Filter>
    </ClInclude>
    <ClInclude Include="utils\global.h">
      <Filter>utils</Filter>
    </ClInclude>
    <ClInclude Include="sdp\ice_candidate.h">
      <Filter>sdp</Filter>
    </ClInclude>
    <ClInclude Include="rtc_base\socket_address.h">
      <Filter>rtc_base</Filter>
    </ClInclude>
    <ClInclude Include="rtc_base\ip_address.h">
      <Filter>rtc_base</Filter>
    </ClInclude>
    <ClInclude Include="rtc_base\net_helpers.h">
      <Filter>rtc_base</Filter>
    </ClInclude>
    <ClInclude Include="rtc_base\win\windows_version.h">
      <Filter>rtc_base\win</Filter>
    </ClInclude>
    <ClInclude Include="rtc_base\crc32.h">
      <Filter>rtc_base</Filter>
    </ClInclude>
    <ClInclude Include="udp\udp_receiver.h">
      <Filter>udp</Filter>
    </ClInclude>
    <ClInclude Include="udp\stun.h">
      <Filter>udp</Filter>
    </ClInclude>
    <ClInclude Include="signaling\room_member.h">
      <Filter>signaling</Filter>
    </ClInclude>
    <ClInclude Include="udp\ice_connection.h">
      <Filter>udp</Filter>
    </ClInclude>
    <ClInclude Include="rtc_base\byte_buffer.h">
      <Filter>rtc_base</Filter>
    </ClInclude>
    <ClInclude Include="signaling\port_mgr.h">
      <Filter>signaling</Filter>
    </ClInclude>
    <ClInclude Include="udp\rtc_dtls.h">
      <Filter>udp</Filter>
    </ClInclude>
  </ItemGroup>
</Project>