<?xml version="1.0" encoding="utf-8"?>
<Project ToolsVersion="4.0" xmlns="http://schemas.microsoft.com/developer/msbuild/2003">
  <ItemGroup>
    <Filter Include="头文件">
      <UniqueIdentifier>{93995380-89BD-4b04-88EB-625FBE52EBFB}</UniqueIdentifier>
      <Extensions>h;hh;hpp;hxx;h++;hm;inl;inc;ipp;xsd</Extensions>
    </Filter>
    <Filter Include="src">
      <UniqueIdentifier>{4FC737F1-C7A5-4376-A066-2A32D752A2FF}</UniqueIdentifier>
      <Extensions>cpp;c;cc;cxx;c++;cppm;ixx;def;odl;idl;hpj;bat;asm;asmx</Extensions>
    </Filter>
    <Filter Include="signaling">
      <UniqueIdentifier>{76bcdd6e-5a73-4d84-b15a-767d94cc3dca}</UniqueIdentifier>
    </Filter>
    <Filter Include="utils">
      <UniqueIdentifier>{cbe75d82-56b5-4370-8e2e-122a224b6e4a}</UniqueIdentifier>
    </Filter>
    <Filter Include="sdp">
      <UniqueIdentifier>{2a41e516-8570-4b7a-9c55-b97e0581eff6}</UniqueIdentifier>
    </Filter>
    <Filter Include="rtc_base">
      <UniqueIdentifier>{cd32675d-3108-4146-ba09-00dcb0abfd24}</UniqueIdentifier>
    </Filter>
    <Filter Include="rtc_base\system">
      <UniqueIdentifier>{df745bd1-ccdf-4ac2-bb11-191699c9d01a}</UniqueIdentifier>
    </Filter>
  </ItemGroup>
  <ItemGroup>
    <ClCompile Include="main.cpp">
      <Filter>src</Filter>
    </ClCompile>
    <ClCompile Include="signaling\wss_server.cpp">
      <Filter>signaling</Filter>
    </ClCompile>
    <ClCompile Include="utils\sutil.cpp">
      <Filter>utils</Filter>
    </ClCompile>
    <ClCompile Include="signaling\signaling_handle.cpp">
      <Filter>signaling</Filter>
    </ClCompile>
    <ClCompile Include="juan_sfu.cpp">
      <Filter>src</Filter>
    </ClCompile>
    <ClCompile Include="sdp\session_description.cpp">
      <Filter>sdp</Filter>
    </ClCompile>
    <ClCompile Include="rtc_base\helpers.cc">
      <Filter>rtc_base</Filter>
    </ClCompile>
  </ItemGroup>
  <ItemGroup>
    <ClInclude Include="signaling\wss_server.h">
      <Filter>signaling</Filter>
    </ClInclude>
    <ClInclude Include="utils\sutil.h">
      <Filter>utils</Filter>
    </ClInclude>
    <ClInclude Include="utils\threadqueue.hpp">
      <Filter>utils</Filter>
    </ClInclude>
    <ClInclude Include="signaling\signaling_handle.h">
      <Filter>signaling</Filter>
    </ClInclude>
    <ClInclude Include="juan_sfu.h">
      <Filter>src</Filter>
    </ClInclude>
    <ClInclude Include="sdp\session_description.h">
      <Filter>sdp</Filter>
    </ClInclude>
    <ClInclude Include="rtc_base\helpers.h">
      <Filter>rtc_base</Filter>
    </ClInclude>
    <ClInclude Include="rtc_base\system\rtc_export.h">
      <Filter>rtc_base\system</Filter>
    </ClInclude>
  </ItemGroup>
</Project>